// !$*UTF8*$!
{
	archiveVersion = 1;
	classes = {
	};
	objectVersion = 55;
	objects = {

/* Begin PBXBuildFile section */
		C21CF04428277E9400292C9F /* mainPage.swift in Sources */ = {isa = PBXBuildFile; fileRef = C21CF04328277E9400292C9F /* mainPage.swift */; };
		C21CF0462828BC9100292C9F /* profileTab.swift in Sources */ = {isa = PBXBuildFile; fileRef = C21CF0452828BC9100292C9F /* profileTab.swift */; };
		C22E524528335A4A00987437 /* createLeague.swift in Sources */ = {isa = PBXBuildFile; fileRef = C22E524428335A4A00987437 /* createLeague.swift */; };
		C22E8178281B351F009593BE /* TennisTrackerApp.swift in Sources */ = {isa = PBXBuildFile; fileRef = C22E8177281B351F009593BE /* TennisTrackerApp.swift */; };
		C22E817A281B351F009593BE /* ContentView.swift in Sources */ = {isa = PBXBuildFile; fileRef = C22E8179281B351F009593BE /* ContentView.swift */; };
		C22E817C281B3521009593BE /* Assets.xcassets in Resources */ = {isa = PBXBuildFile; fileRef = C22E817B281B3521009593BE /* Assets.xcassets */; };
		C22E817F281B3521009593BE /* Preview Assets.xcassets in Resources */ = {isa = PBXBuildFile; fileRef = C22E817E281B3521009593BE /* Preview Assets.xcassets */; };
		C23BD39E2836E705004E31D2 /* leagueVM.swift in Sources */ = {isa = PBXBuildFile; fileRef = C23BD39D2836E705004E31D2 /* leagueVM.swift */; };
		C23BD3A028373E1A004E31D2 /* leagueDetailView.swift in Sources */ = {isa = PBXBuildFile; fileRef = C23BD39F28373E1A004E31D2 /* leagueDetailView.swift */; };
		C24C4BE9282A17B2004FA8A5 /* homePage.swift in Sources */ = {isa = PBXBuildFile; fileRef = C24C4BE8282A17B2004FA8A5 /* homePage.swift */; };
		C24C4BEB282B6F8E004FA8A5 /* leagueView.swift in Sources */ = {isa = PBXBuildFile; fileRef = C24C4BEA282B6F8E004FA8A5 /* leagueView.swift */; };
		C24C4BED282C2C6A004FA8A5 /* tournyView.swift in Sources */ = {isa = PBXBuildFile; fileRef = C24C4BEC282C2C6A004FA8A5 /* tournyView.swift */; };
		C24C4BEF282D9B6A004FA8A5 /* imagePicker.swift in Sources */ = {isa = PBXBuildFile; fileRef = C24C4BEE282D9B6A004FA8A5 /* imagePicker.swift */; };
		C2521616282DA6B9004C124A /* GoogleService-Info.plist in Resources */ = {isa = PBXBuildFile; fileRef = C2521615282DA6B9004C124A /* GoogleService-Info.plist */; };
		C2521619282DA749004C124A /* FirebaseAuth in Frameworks */ = {isa = PBXBuildFile; productRef = C2521618282DA749004C124A /* FirebaseAuth */; };
		C252161B282DA749004C124A /* FirebaseFirestore in Frameworks */ = {isa = PBXBuildFile; productRef = C252161A282DA749004C124A /* FirebaseFirestore */; };
		C252161D282DA749004C124A /* FirebaseStorage in Frameworks */ = {isa = PBXBuildFile; productRef = C252161C282DA749004C124A /* FirebaseStorage */; };
		C252161F282DFD7E004C124A /* userVM.swift in Sources */ = {isa = PBXBuildFile; fileRef = C252161E282DFD7E004C124A /* userVM.swift */; };
		C2521622282E03D2004C124A /* SDWebImageSwiftUI in Frameworks */ = {isa = PBXBuildFile; productRef = C2521621282E03D2004C124A /* SDWebImageSwiftUI */; };
		C252162728320309004C124A /* addFriend.swift in Sources */ = {isa = PBXBuildFile; fileRef = C252162628320309004C124A /* addFriend.swift */; };
		C277D26D283DE6A10072814A /* addMatchView.swift in Sources */ = {isa = PBXBuildFile; fileRef = C277D26C283DE6A10072814A /* addMatchView.swift */; };
		C277D26F283F326D0072814A /* matchResultView.swift in Sources */ = {isa = PBXBuildFile; fileRef = C277D26E283F326D0072814A /* matchResultView.swift */; };
		C277D273284719520072814A /* modifyMatchView.swift in Sources */ = {isa = PBXBuildFile; fileRef = C277D272284719520072814A /* modifyMatchView.swift */; };
		C277D275284AADA10072814A /* joinLeagueView.swift in Sources */ = {isa = PBXBuildFile; fileRef = C277D274284AADA10072814A /* joinLeagueView.swift */; };
		C293B66B2820D4DA00BAA853 /* User.swift in Sources */ = {isa = PBXBuildFile; fileRef = C293B66A2820D4DA00BAA853 /* User.swift */; };
		C2BADEA3281B8B4D001FFD83 /* signUp.swift in Sources */ = {isa = PBXBuildFile; fileRef = C2BADEA2281B8B4D001FFD83 /* signUp.swift */; };
		C2BADEA5281B91B2001FFD83 /* signIn.swift in Sources */ = {isa = PBXBuildFile; fileRef = C2BADEA4281B91B2001FFD83 /* signIn.swift */; };
		C2E64BCE28661FA800501252 /* createTournament.swift in Sources */ = {isa = PBXBuildFile; fileRef = C2E64BCD28661FA800501252 /* createTournament.swift */; };
		C2E64BD0286A6DE900501252 /* opponentSelectionView.swift in Sources */ = {isa = PBXBuildFile; fileRef = C2E64BCF286A6DE900501252 /* opponentSelectionView.swift */; };
		C2E64BD22888D50000501252 /* tournamentVM.swift in Sources */ = {isa = PBXBuildFile; fileRef = C2E64BD12888D50000501252 /* tournamentVM.swift */; };
		C2E64BD42889D80F00501252 /* tournamentDetailView.swift in Sources */ = {isa = PBXBuildFile; fileRef = C2E64BD32889D80F00501252 /* tournamentDetailView.swift */; };
		C2E64BD628974E3500501252 /* bracketDetailView.swift in Sources */ = {isa = PBXBuildFile; fileRef = C2E64BD528974E3500501252 /* bracketDetailView.swift */; };
		C2E64BD928A4100F00501252 /* FirebaseFirestoreSwift in Frameworks */ = {isa = PBXBuildFile; productRef = C2E64BD828A4100F00501252 /* FirebaseFirestoreSwift */; };
		C2F0D73A2821AC14009792CD /* AuthenticationService.swift in Sources */ = {isa = PBXBuildFile; fileRef = C2F0D7392821AC14009792CD /* AuthenticationService.swift */; };
/* End PBXBuildFile section */

/* Begin PBXFileReference section */
		C211BB0A281B3D3C00C964F2 /* TennisTracker.entitlements */ = {isa = PBXFileReference; lastKnownFileType = text.plist.entitlements; path = TennisTracker.entitlements; sourceTree = "<group>"; };
		C21CF04328277E9400292C9F /* mainPage.swift */ = {isa = PBXFileReference; lastKnownFileType = sourcecode.swift; path = mainPage.swift; sourceTree = "<group>"; };
		C21CF0452828BC9100292C9F /* profileTab.swift */ = {isa = PBXFileReference; lastKnownFileType = sourcecode.swift; path = profileTab.swift; sourceTree = "<group>"; };
		C22E524428335A4A00987437 /* createLeague.swift */ = {isa = PBXFileReference; lastKnownFileType = sourcecode.swift; path = createLeague.swift; sourceTree = "<group>"; };
		C22E8174281B351F009593BE /* TennisTracker.app */ = {isa = PBXFileReference; explicitFileType = wrapper.application; includeInIndex = 0; path = TennisTracker.app; sourceTree = BUILT_PRODUCTS_DIR; };
		C22E8177281B351F009593BE /* TennisTrackerApp.swift */ = {isa = PBXFileReference; lastKnownFileType = sourcecode.swift; path = TennisTrackerApp.swift; sourceTree = "<group>"; };
		C22E8179281B351F009593BE /* ContentView.swift */ = {isa = PBXFileReference; lastKnownFileType = sourcecode.swift; path = ContentView.swift; sourceTree = "<group>"; };
		C22E817B281B3521009593BE /* Assets.xcassets */ = {isa = PBXFileReference; lastKnownFileType = folder.assetcatalog; path = Assets.xcassets; sourceTree = "<group>"; };
		C22E817E281B3521009593BE /* Preview Assets.xcassets */ = {isa = PBXFileReference; lastKnownFileType = folder.assetcatalog; path = "Preview Assets.xcassets"; sourceTree = "<group>"; };
		C23BD39D2836E705004E31D2 /* leagueVM.swift */ = {isa = PBXFileReference; lastKnownFileType = sourcecode.swift; path = leagueVM.swift; sourceTree = "<group>"; };
		C23BD39F28373E1A004E31D2 /* leagueDetailView.swift */ = {isa = PBXFileReference; lastKnownFileType = sourcecode.swift; path = leagueDetailView.swift; sourceTree = "<group>"; };
		C24C4BE8282A17B2004FA8A5 /* homePage.swift */ = {isa = PBXFileReference; lastKnownFileType = sourcecode.swift; path = homePage.swift; sourceTree = "<group>"; };
		C24C4BEA282B6F8E004FA8A5 /* leagueView.swift */ = {isa = PBXFileReference; lastKnownFileType = sourcecode.swift; path = leagueView.swift; sourceTree = "<group>"; };
		C24C4BEC282C2C6A004FA8A5 /* tournyView.swift */ = {isa = PBXFileReference; lastKnownFileType = sourcecode.swift; path = tournyView.swift; sourceTree = "<group>"; };
		C24C4BEE282D9B6A004FA8A5 /* imagePicker.swift */ = {isa = PBXFileReference; lastKnownFileType = sourcecode.swift; path = imagePicker.swift; sourceTree = "<group>"; };
		C2521615282DA6B9004C124A /* GoogleService-Info.plist */ = {isa = PBXFileReference; fileEncoding = 4; lastKnownFileType = text.plist.xml; path = "GoogleService-Info.plist"; sourceTree = "<group>"; };
		C252161E282DFD7E004C124A /* userVM.swift */ = {isa = PBXFileReference; lastKnownFileType = sourcecode.swift; path = userVM.swift; sourceTree = "<group>"; };
		C252162628320309004C124A /* addFriend.swift */ = {isa = PBXFileReference; lastKnownFileType = sourcecode.swift; path = addFriend.swift; sourceTree = "<group>"; };
		C2689D9228B68ADC0088AFC5 /* Info.plist */ = {isa = PBXFileReference; lastKnownFileType = text.plist; path = Info.plist; sourceTree = "<group>"; };
		C277D26C283DE6A10072814A /* addMatchView.swift */ = {isa = PBXFileReference; lastKnownFileType = sourcecode.swift; path = addMatchView.swift; sourceTree = "<group>"; };
		C277D26E283F326D0072814A /* matchResultView.swift */ = {isa = PBXFileReference; lastKnownFileType = sourcecode.swift; path = matchResultView.swift; sourceTree = "<group>"; };
		C277D272284719520072814A /* modifyMatchView.swift */ = {isa = PBXFileReference; lastKnownFileType = sourcecode.swift; path = modifyMatchView.swift; sourceTree = "<group>"; };
		C277D274284AADA10072814A /* joinLeagueView.swift */ = {isa = PBXFileReference; lastKnownFileType = sourcecode.swift; path = joinLeagueView.swift; sourceTree = "<group>"; };
		C293B66A2820D4DA00BAA853 /* User.swift */ = {isa = PBXFileReference; lastKnownFileType = sourcecode.swift; path = User.swift; sourceTree = "<group>"; };
		C2BADEA2281B8B4D001FFD83 /* signUp.swift */ = {isa = PBXFileReference; lastKnownFileType = sourcecode.swift; path = signUp.swift; sourceTree = "<group>"; };
		C2BADEA4281B91B2001FFD83 /* signIn.swift */ = {isa = PBXFileReference; lastKnownFileType = sourcecode.swift; path = signIn.swift; sourceTree = "<group>"; };
		C2E64BCD28661FA800501252 /* createTournament.swift */ = {isa = PBXFileReference; lastKnownFileType = sourcecode.swift; path = createTournament.swift; sourceTree = "<group>"; };
		C2E64BCF286A6DE900501252 /* opponentSelectionView.swift */ = {isa = PBXFileReference; lastKnownFileType = sourcecode.swift; path = opponentSelectionView.swift; sourceTree = "<group>"; };
		C2E64BD12888D50000501252 /* tournamentVM.swift */ = {isa = PBXFileReference; lastKnownFileType = sourcecode.swift; path = tournamentVM.swift; sourceTree = "<group>"; };
		C2E64BD32889D80F00501252 /* tournamentDetailView.swift */ = {isa = PBXFileReference; lastKnownFileType = sourcecode.swift; path = tournamentDetailView.swift; sourceTree = "<group>"; };
		C2E64BD528974E3500501252 /* bracketDetailView.swift */ = {isa = PBXFileReference; lastKnownFileType = sourcecode.swift; path = bracketDetailView.swift; sourceTree = "<group>"; };
		C2F0D7392821AC14009792CD /* AuthenticationService.swift */ = {isa = PBXFileReference; lastKnownFileType = sourcecode.swift; path = AuthenticationService.swift; sourceTree = "<group>"; };
/* End PBXFileReference section */

/* Begin PBXFrameworksBuildPhase section */
		C22E8171281B351F009593BE /* Frameworks */ = {
			isa = PBXFrameworksBuildPhase;
			buildActionMask = 2147483647;
			files = (
				C2E64BD928A4100F00501252 /* FirebaseFirestoreSwift in Frameworks */,
				C2521622282E03D2004C124A /* SDWebImageSwiftUI in Frameworks */,
				C2521619282DA749004C124A /* FirebaseAuth in Frameworks */,
				C252161B282DA749004C124A /* FirebaseFirestore in Frameworks */,
				C252161D282DA749004C124A /* FirebaseStorage in Frameworks */,
			);
			runOnlyForDeploymentPostprocessing = 0;
		};
/* End PBXFrameworksBuildPhase section */

/* Begin PBXGroup section */
		C211BB0B281B3F0200C964F2 /* View */ = {
			isa = PBXGroup;
			children = (
				C2BADEA2281B8B4D001FFD83 /* signUp.swift */,
				C2BADEA4281B91B2001FFD83 /* signIn.swift */,
				C21CF04328277E9400292C9F /* mainPage.swift */,
				C21CF0452828BC9100292C9F /* profileTab.swift */,
				C24C4BE8282A17B2004FA8A5 /* homePage.swift */,
				C24C4BEA282B6F8E004FA8A5 /* leagueView.swift */,
				C24C4BEC282C2C6A004FA8A5 /* tournyView.swift */,
				C252162628320309004C124A /* addFriend.swift */,
				C22E524428335A4A00987437 /* createLeague.swift */,
				C23BD39F28373E1A004E31D2 /* leagueDetailView.swift */,
				C277D26C283DE6A10072814A /* addMatchView.swift */,
				C277D26E283F326D0072814A /* matchResultView.swift */,
				C277D272284719520072814A /* modifyMatchView.swift */,
				C277D274284AADA10072814A /* joinLeagueView.swift */,
				C2E64BCD28661FA800501252 /* createTournament.swift */,
				C2E64BCF286A6DE900501252 /* opponentSelectionView.swift */,
				C2E64BD32889D80F00501252 /* tournamentDetailView.swift */,
				C2E64BD528974E3500501252 /* bracketDetailView.swift */,
			);
			path = View;
			sourceTree = "<group>";
		};
		C211BB0C281B3F0A00C964F2 /* Model */ = {
			isa = PBXGroup;
			children = (
				C293B66A2820D4DA00BAA853 /* User.swift */,
			);
			path = Model;
			sourceTree = "<group>";
		};
		C211BB0D281B3F0F00C964F2 /* ViewModel */ = {
			isa = PBXGroup;
			children = (
				C252161E282DFD7E004C124A /* userVM.swift */,
				C23BD39D2836E705004E31D2 /* leagueVM.swift */,
				C2E64BD12888D50000501252 /* tournamentVM.swift */,
			);
			path = ViewModel;
			sourceTree = "<group>";
		};
		C22E816B281B351F009593BE = {
			isa = PBXGroup;
			children = (
				C22E8176281B351F009593BE /* TennisTracker */,
				C22E8175281B351F009593BE /* Products */,
				C2E64BD728A4100F00501252 /* Frameworks */,
			);
			sourceTree = "<group>";
		};
		C22E8175281B351F009593BE /* Products */ = {
			isa = PBXGroup;
			children = (
				C22E8174281B351F009593BE /* TennisTracker.app */,
			);
			name = Products;
			sourceTree = "<group>";
		};
		C22E8176281B351F009593BE /* TennisTracker */ = {
			isa = PBXGroup;
			children = (
				C2689D9228B68ADC0088AFC5 /* Info.plist */,
				C2F0D7382821ABF8009792CD /* Services */,
				C211BB0D281B3F0F00C964F2 /* ViewModel */,
				C211BB0C281B3F0A00C964F2 /* Model */,
				C211BB0B281B3F0200C964F2 /* View */,
				C211BB0A281B3D3C00C964F2 /* TennisTracker.entitlements */,
				C22E8177281B351F009593BE /* TennisTrackerApp.swift */,
				C2521615282DA6B9004C124A /* GoogleService-Info.plist */,
				C22E8179281B351F009593BE /* ContentView.swift */,
				C22E817B281B3521009593BE /* Assets.xcassets */,
				C22E817D281B3521009593BE /* Preview Content */,
			);
			path = TennisTracker;
			sourceTree = "<group>";
		};
		C22E817D281B3521009593BE /* Preview Content */ = {
			isa = PBXGroup;
			children = (
				C22E817E281B3521009593BE /* Preview Assets.xcassets */,
			);
			path = "Preview Content";
			sourceTree = "<group>";
		};
		C2E64BD728A4100F00501252 /* Frameworks */ = {
			isa = PBXGroup;
			children = (
			);
			name = Frameworks;
			sourceTree = "<group>";
		};
		C2F0D7382821ABF8009792CD /* Services */ = {
			isa = PBXGroup;
			children = (
				C2F0D7392821AC14009792CD /* AuthenticationService.swift */,
				C24C4BEE282D9B6A004FA8A5 /* imagePicker.swift */,
			);
			path = Services;
			sourceTree = "<group>";
		};
/* End PBXGroup section */

/* Begin PBXNativeTarget section */
		C22E8173281B351F009593BE /* TennisTracker */ = {
			isa = PBXNativeTarget;
			buildConfigurationList = C22E8182281B3521009593BE /* Build configuration list for PBXNativeTarget "TennisTracker" */;
			buildPhases = (
				C22E8170281B351F009593BE /* Sources */,
				C22E8171281B351F009593BE /* Frameworks */,
				C22E8172281B351F009593BE /* Resources */,
			);
			buildRules = (
			);
			dependencies = (
			);
			name = TennisTracker;
			packageProductDependencies = (
				C2521618282DA749004C124A /* FirebaseAuth */,
				C252161A282DA749004C124A /* FirebaseFirestore */,
				C252161C282DA749004C124A /* FirebaseStorage */,
				C2521621282E03D2004C124A /* SDWebImageSwiftUI */,
				C2E64BD828A4100F00501252 /* FirebaseFirestoreSwift */,
			);
			productName = TennisTracker;
			productReference = C22E8174281B351F009593BE /* TennisTracker.app */;
			productType = "com.apple.product-type.application";
		};
/* End PBXNativeTarget section */

/* Begin PBXProject section */
		C22E816C281B351F009593BE /* Project object */ = {
			isa = PBXProject;
			attributes = {
				BuildIndependentTargetsInParallel = 1;
				LastSwiftUpdateCheck = 1330;
				LastUpgradeCheck = 1330;
				TargetAttributes = {
					C22E8173281B351F009593BE = {
						CreatedOnToolsVersion = 13.3.1;
					};
				};
			};
			buildConfigurationList = C22E816F281B351F009593BE /* Build configuration list for PBXProject "TennisTracker" */;
			compatibilityVersion = "Xcode 13.0";
			developmentRegion = en;
			hasScannedForEncodings = 0;
			knownRegions = (
				en,
				Base,
			);
			mainGroup = C22E816B281B351F009593BE;
			packageReferences = (
				C2521617282DA749004C124A /* XCRemoteSwiftPackageReference "firebase-ios-sdk" */,
				C2521620282E03D2004C124A /* XCRemoteSwiftPackageReference "SDWebImageSwiftUI" */,
			);
			productRefGroup = C22E8175281B351F009593BE /* Products */;
			projectDirPath = "";
			projectRoot = "";
			targets = (
				C22E8173281B351F009593BE /* TennisTracker */,
			);
		};
/* End PBXProject section */

/* Begin PBXResourcesBuildPhase section */
		C22E8172281B351F009593BE /* Resources */ = {
			isa = PBXResourcesBuildPhase;
			buildActionMask = 2147483647;
			files = (
				C22E817F281B3521009593BE /* Preview Assets.xcassets in Resources */,
				C22E817C281B3521009593BE /* Assets.xcassets in Resources */,
				C2521616282DA6B9004C124A /* GoogleService-Info.plist in Resources */,
			);
			runOnlyForDeploymentPostprocessing = 0;
		};
/* End PBXResourcesBuildPhase section */

/* Begin PBXSourcesBuildPhase section */
		C22E8170281B351F009593BE /* Sources */ = {
			isa = PBXSourcesBuildPhase;
			buildActionMask = 2147483647;
			files = (
				C2E64BD42889D80F00501252 /* tournamentDetailView.swift in Sources */,
				C22E524528335A4A00987437 /* createLeague.swift in Sources */,
				C2E64BD0286A6DE900501252 /* opponentSelectionView.swift in Sources */,
				C22E817A281B351F009593BE /* ContentView.swift in Sources */,
				C21CF0462828BC9100292C9F /* profileTab.swift in Sources */,
				C22E8178281B351F009593BE /* TennisTrackerApp.swift in Sources */,
				C277D26D283DE6A10072814A /* addMatchView.swift in Sources */,
				C23BD3A028373E1A004E31D2 /* leagueDetailView.swift in Sources */,
				C277D26F283F326D0072814A /* matchResultView.swift in Sources */,
				C2BADEA3281B8B4D001FFD83 /* signUp.swift in Sources */,
				C277D273284719520072814A /* modifyMatchView.swift in Sources */,
				C24C4BEB282B6F8E004FA8A5 /* leagueView.swift in Sources */,
				C24C4BE9282A17B2004FA8A5 /* homePage.swift in Sources */,
				C277D275284AADA10072814A /* joinLeagueView.swift in Sources */,
				C24C4BEF282D9B6A004FA8A5 /* imagePicker.swift in Sources */,
				C24C4BED282C2C6A004FA8A5 /* tournyView.swift in Sources */,
				C2E64BD628974E3500501252 /* bracketDetailView.swift in Sources */,
				C293B66B2820D4DA00BAA853 /* User.swift in Sources */,
				C2E64BCE28661FA800501252 /* createTournament.swift in Sources */,
				C252162728320309004C124A /* addFriend.swift in Sources */,
				C252161F282DFD7E004C124A /* userVM.swift in Sources */,
				C2BADEA5281B91B2001FFD83 /* signIn.swift in Sources */,
				C2F0D73A2821AC14009792CD /* AuthenticationService.swift in Sources */,
				C21CF04428277E9400292C9F /* mainPage.swift in Sources */,
				C2E64BD22888D50000501252 /* tournamentVM.swift in Sources */,
				C23BD39E2836E705004E31D2 /* leagueVM.swift in Sources */,
			);
			runOnlyForDeploymentPostprocessing = 0;
		};
/* End PBXSourcesBuildPhase section */

/* Begin XCBuildConfiguration section */
		C22E8180281B3521009593BE /* Debug */ = {
			isa = XCBuildConfiguration;
			buildSettings = {
				ALWAYS_SEARCH_USER_PATHS = NO;
				CLANG_ANALYZER_NONNULL = YES;
				CLANG_ANALYZER_NUMBER_OBJECT_CONVERSION = YES_AGGRESSIVE;
				CLANG_CXX_LANGUAGE_STANDARD = "gnu++17";
				CLANG_ENABLE_MODULES = YES;
				CLANG_ENABLE_OBJC_ARC = YES;
				CLANG_ENABLE_OBJC_WEAK = YES;
				CLANG_WARN_BLOCK_CAPTURE_AUTORELEASING = YES;
				CLANG_WARN_BOOL_CONVERSION = YES;
				CLANG_WARN_COMMA = YES;
				CLANG_WARN_CONSTANT_CONVERSION = YES;
				CLANG_WARN_DEPRECATED_OBJC_IMPLEMENTATIONS = YES;
				CLANG_WARN_DIRECT_OBJC_ISA_USAGE = YES_ERROR;
				CLANG_WARN_DOCUMENTATION_COMMENTS = YES;
				CLANG_WARN_EMPTY_BODY = YES;
				CLANG_WARN_ENUM_CONVERSION = YES;
				CLANG_WARN_INFINITE_RECURSION = YES;
				CLANG_WARN_INT_CONVERSION = YES;
				CLANG_WARN_NON_LITERAL_NULL_CONVERSION = YES;
				CLANG_WARN_OBJC_IMPLICIT_RETAIN_SELF = YES;
				CLANG_WARN_OBJC_LITERAL_CONVERSION = YES;
				CLANG_WARN_OBJC_ROOT_CLASS = YES_ERROR;
				CLANG_WARN_QUOTED_INCLUDE_IN_FRAMEWORK_HEADER = YES;
				CLANG_WARN_RANGE_LOOP_ANALYSIS = YES;
				CLANG_WARN_STRICT_PROTOTYPES = YES;
				CLANG_WARN_SUSPICIOUS_MOVE = YES;
				CLANG_WARN_UNGUARDED_AVAILABILITY = YES_AGGRESSIVE;
				CLANG_WARN_UNREACHABLE_CODE = YES;
				CLANG_WARN__DUPLICATE_METHOD_MATCH = YES;
				COPY_PHASE_STRIP = NO;
				DEBUG_INFORMATION_FORMAT = dwarf;
				ENABLE_STRICT_OBJC_MSGSEND = YES;
				ENABLE_TESTABILITY = YES;
				GCC_C_LANGUAGE_STANDARD = gnu11;
				GCC_DYNAMIC_NO_PIC = NO;
				GCC_NO_COMMON_BLOCKS = YES;
				GCC_OPTIMIZATION_LEVEL = 0;
				GCC_PREPROCESSOR_DEFINITIONS = (
					"DEBUG=1",
					"$(inherited)",
				);
				GCC_WARN_64_TO_32_BIT_CONVERSION = YES;
				GCC_WARN_ABOUT_RETURN_TYPE = YES_ERROR;
				GCC_WARN_UNDECLARED_SELECTOR = YES;
				GCC_WARN_UNINITIALIZED_AUTOS = YES_AGGRESSIVE;
				GCC_WARN_UNUSED_FUNCTION = YES;
				GCC_WARN_UNUSED_VARIABLE = YES;
				IPHONEOS_DEPLOYMENT_TARGET = 15.4;
				MTL_ENABLE_DEBUG_INFO = INCLUDE_SOURCE;
				MTL_FAST_MATH = YES;
				ONLY_ACTIVE_ARCH = YES;
				SDKROOT = iphoneos;
				SWIFT_ACTIVE_COMPILATION_CONDITIONS = DEBUG;
				SWIFT_OPTIMIZATION_LEVEL = "-Onone";
			};
			name = Debug;
		};
		C22E8181281B3521009593BE /* Release */ = {
			isa = XCBuildConfiguration;
			buildSettings = {
				ALWAYS_SEARCH_USER_PATHS = NO;
				CLANG_ANALYZER_NONNULL = YES;
				CLANG_ANALYZER_NUMBER_OBJECT_CONVERSION = YES_AGGRESSIVE;
				CLANG_CXX_LANGUAGE_STANDARD = "gnu++17";
				CLANG_ENABLE_MODULES = YES;
				CLANG_ENABLE_OBJC_ARC = YES;
				CLANG_ENABLE_OBJC_WEAK = YES;
				CLANG_WARN_BLOCK_CAPTURE_AUTORELEASING = YES;
				CLANG_WARN_BOOL_CONVERSION = YES;
				CLANG_WARN_COMMA = YES;
				CLANG_WARN_CONSTANT_CONVERSION = YES;
				CLANG_WARN_DEPRECATED_OBJC_IMPLEMENTATIONS = YES;
				CLANG_WARN_DIRECT_OBJC_ISA_USAGE = YES_ERROR;
				CLANG_WARN_DOCUMENTATION_COMMENTS = YES;
				CLANG_WARN_EMPTY_BODY = YES;
				CLANG_WARN_ENUM_CONVERSION = YES;
				CLANG_WARN_INFINITE_RECURSION = YES;
				CLANG_WARN_INT_CONVERSION = YES;
				CLANG_WARN_NON_LITERAL_NULL_CONVERSION = YES;
				CLANG_WARN_OBJC_IMPLICIT_RETAIN_SELF = YES;
				CLANG_WARN_OBJC_LITERAL_CONVERSION = YES;
				CLANG_WARN_OBJC_ROOT_CLASS = YES_ERROR;
				CLANG_WARN_QUOTED_INCLUDE_IN_FRAMEWORK_HEADER = YES;
				CLANG_WARN_RANGE_LOOP_ANALYSIS = YES;
				CLANG_WARN_STRICT_PROTOTYPES = YES;
				CLANG_WARN_SUSPICIOUS_MOVE = YES;
				CLANG_WARN_UNGUARDED_AVAILABILITY = YES_AGGRESSIVE;
				CLANG_WARN_UNREACHABLE_CODE = YES;
				CLANG_WARN__DUPLICATE_METHOD_MATCH = YES;
				COPY_PHASE_STRIP = NO;
				DEBUG_INFORMATION_FORMAT = "dwarf-with-dsym";
				ENABLE_NS_ASSERTIONS = NO;
				ENABLE_STRICT_OBJC_MSGSEND = YES;
				GCC_C_LANGUAGE_STANDARD = gnu11;
				GCC_NO_COMMON_BLOCKS = YES;
				GCC_WARN_64_TO_32_BIT_CONVERSION = YES;
				GCC_WARN_ABOUT_RETURN_TYPE = YES_ERROR;
				GCC_WARN_UNDECLARED_SELECTOR = YES;
				GCC_WARN_UNINITIALIZED_AUTOS = YES_AGGRESSIVE;
				GCC_WARN_UNUSED_FUNCTION = YES;
				GCC_WARN_UNUSED_VARIABLE = YES;
				IPHONEOS_DEPLOYMENT_TARGET = 15.4;
				MTL_ENABLE_DEBUG_INFO = NO;
				MTL_FAST_MATH = YES;
				SDKROOT = iphoneos;
				SWIFT_COMPILATION_MODE = wholemodule;
				SWIFT_OPTIMIZATION_LEVEL = "-O";
				VALIDATE_PRODUCT = YES;
			};
			name = Release;
		};
		C22E8183281B3521009593BE /* Debug */ = {
			isa = XCBuildConfiguration;
			buildSettings = {
				ASSETCATALOG_COMPILER_APPICON_NAME = AppIcon;
				ASSETCATALOG_COMPILER_GLOBAL_ACCENT_COLOR_NAME = AccentColor;
				CODE_SIGN_ENTITLEMENTS = TennisTracker/TennisTracker.entitlements;
				CODE_SIGN_IDENTITY = "Apple Development";
				CODE_SIGN_STYLE = Automatic;
				CURRENT_PROJECT_VERSION = 1;
				DEVELOPMENT_ASSET_PATHS = "\"TennisTracker/Preview Content\"";
				DEVELOPMENT_TEAM = K4ZA43UN7X;
				ENABLE_PREVIEWS = YES;
				GENERATE_INFOPLIST_FILE = YES;
				INFOPLIST_FILE = TennisTracker/Info.plist;
				INFOPLIST_KEY_NSPhotoLibraryUsageDescription = "$(PRODUCT_NAME) photo use";
				INFOPLIST_KEY_UIApplicationSceneManifest_Generation = YES;
				INFOPLIST_KEY_UIApplicationSupportsIndirectInputEvents = YES;
				INFOPLIST_KEY_UILaunchScreen_Generation = YES;
				INFOPLIST_KEY_UISupportedInterfaceOrientations_iPad = "UIInterfaceOrientationPortrait UIInterfaceOrientationPortraitUpsideDown UIInterfaceOrientationLandscapeLeft UIInterfaceOrientationLandscapeRight";
				INFOPLIST_KEY_UISupportedInterfaceOrientations_iPhone = "UIInterfaceOrientationPortrait UIInterfaceOrientationLandscapeLeft UIInterfaceOrientationLandscapeRight";
				INFOPLIST_KEY_UIUserInterfaceStyle = Light;
				LD_RUNPATH_SEARCH_PATHS = (
					"$(inherited)",
					"@executable_path/Frameworks",
				);
				MARKETING_VERSION = 1.0;
				PRODUCT_BUNDLE_IDENTIFIER = com.armanattar.TennisTracker;
				PRODUCT_NAME = "$(TARGET_NAME)";
				PROVISIONING_PROFILE_SPECIFIER = "";
				SWIFT_EMIT_LOC_STRINGS = YES;
				SWIFT_VERSION = 5.0;
				TARGETED_DEVICE_FAMILY = "1,2";
			};
			name = Debug;
		};
		C22E8184281B3521009593BE /* Release */ = {
			isa = XCBuildConfiguration;
			buildSettings = {
				ASSETCATALOG_COMPILER_APPICON_NAME = AppIcon;
				ASSETCATALOG_COMPILER_GLOBAL_ACCENT_COLOR_NAME = AccentColor;
				CODE_SIGN_ENTITLEMENTS = TennisTracker/TennisTracker.entitlements;
				CODE_SIGN_IDENTITY = "Apple Development";
				CODE_SIGN_STYLE = Automatic;
				CURRENT_PROJECT_VERSION = 1;
				DEVELOPMENT_ASSET_PATHS = "\"TennisTracker/Preview Content\"";
				DEVELOPMENT_TEAM = K4ZA43UN7X;
				ENABLE_PREVIEWS = YES;
				GENERATE_INFOPLIST_FILE = YES;
				INFOPLIST_FILE = TennisTracker/Info.plist;
				INFOPLIST_KEY_NSPhotoLibraryUsageDescription = "$(PRODUCT_NAME) photo use";
				INFOPLIST_KEY_UIApplicationSceneManifest_Generation = YES;
				INFOPLIST_KEY_UIApplicationSupportsIndirectInputEvents = YES;
				INFOPLIST_KEY_UILaunchScreen_Generation = YES;
				INFOPLIST_KEY_UISupportedInterfaceOrientations_iPad = "UIInterfaceOrientationPortrait UIInterfaceOrientationPortraitUpsideDown UIInterfaceOrientationLandscapeLeft UIInterfaceOrientationLandscapeRight";
				INFOPLIST_KEY_UISupportedInterfaceOrientations_iPhone = "UIInterfaceOrientationPortrait UIInterfaceOrientationLandscapeLeft UIInterfaceOrientationLandscapeRight";
				INFOPLIST_KEY_UIUserInterfaceStyle = Light;
				LD_RUNPATH_SEARCH_PATHS = (
					"$(inherited)",
					"@executable_path/Frameworks",
				);
				MARKETING_VERSION = 1.0;
				PRODUCT_BUNDLE_IDENTIFIER = com.armanattar.TennisTracker;
				PRODUCT_NAME = "$(TARGET_NAME)";
				PROVISIONING_PROFILE_SPECIFIER = "";
				SWIFT_EMIT_LOC_STRINGS = YES;
				SWIFT_VERSION = 5.0;
				TARGETED_DEVICE_FAMILY = "1,2";
			};
			name = Release;
		};
/* End XCBuildConfiguration section */

/* Begin XCConfigurationList section */
		C22E816F281B351F009593BE /* Build configuration list for PBXProject "TennisTracker" */ = {
			isa = XCConfigurationList;
			buildConfigurations = (
				C22E8180281B3521009593BE /* Debug */,
				C22E8181281B3521009593BE /* Release */,
			);
			defaultConfigurationIsVisible = 0;
			defaultConfigurationName = Release;
		};
		C22E8182281B3521009593BE /* Build configuration list for PBXNativeTarget "TennisTracker" */ = {
			isa = XCConfigurationList;
			buildConfigurations = (
				C22E8183281B3521009593BE /* Debug */,
				C22E8184281B3521009593BE /* Release */,
			);
			defaultConfigurationIsVisible = 0;
			defaultConfigurationName = Release;
		};
/* End XCConfigurationList section */

/* Begin XCRemoteSwiftPackageReference section */
		C2521617282DA749004C124A /* XCRemoteSwiftPackageReference "firebase-ios-sdk" */ = {
			isa = XCRemoteSwiftPackageReference;
			repositoryURL = "https://github.com/firebase/firebase-ios-sdk";
			requirement = {
				kind = upToNextMajorVersion;
				minimumVersion = 9.0.0;
			};
		};
		C2521620282E03D2004C124A /* XCRemoteSwiftPackageReference "SDWebImageSwiftUI" */ = {
			isa = XCRemoteSwiftPackageReference;
			repositoryURL = "https://github.com/SDWebImage/SDWebImageSwiftUI";
			requirement = {
				kind = upToNextMajorVersion;
				minimumVersion = 2.0.0;
			};
		};
/* End XCRemoteSwiftPackageReference section */

/* Begin XCSwiftPackageProductDependency section */
		C2521618282DA749004C124A /* FirebaseAuth */ = {
			isa = XCSwiftPackageProductDependency;
			package = C2521617282DA749004C124A /* XCRemoteSwiftPackageReference "firebase-ios-sdk" */;
			productName = FirebaseAuth;
		};
		C252161A282DA749004C124A /* FirebaseFirestore */ = {
			isa = XCSwiftPackageProductDependency;
			package = C2521617282DA749004C124A /* XCRemoteSwiftPackageReference "firebase-ios-sdk" */;
			productName = FirebaseFirestore;
		};
		C252161C282DA749004C124A /* FirebaseStorage */ = {
			isa = XCSwiftPackageProductDependency;
			package = C2521617282DA749004C124A /* XCRemoteSwiftPackageReference "firebase-ios-sdk" */;
			productName = FirebaseStorage;
		};
		C2521621282E03D2004C124A /* SDWebImageSwiftUI */ = {
			isa = XCSwiftPackageProductDependency;
			package = C2521620282E03D2004C124A /* XCRemoteSwiftPackageReference "SDWebImageSwiftUI" */;
			productName = SDWebImageSwiftUI;
		};
		C2E64BD828A4100F00501252 /* FirebaseFirestoreSwift */ = {
			isa = XCSwiftPackageProductDependency;
			package = C2521617282DA749004C124A /* XCRemoteSwiftPackageReference "firebase-ios-sdk" */;
			productName = FirebaseFirestoreSwift;
		};
/* End XCSwiftPackageProductDependency section */
	};
	rootObject = C22E816C281B351F009593BE /* Project object */;
}
